// !$*UTF8*$!
{
	archiveVersion = 1;
	classes = {
	};
	objectVersion = 56;
	objects = {

/* Begin PBXBuildFile section */
		B00000000000000000000040 /* ClairV2MobileApp.swift in Sources */ = {isa = PBXBuildFile; fileRef = B00000000000000000000020 /* ClairV2MobileApp.swift */; };
		B00000000000000000000041 /* ClairV2MobileRootView.swift in Sources */ = {isa = PBXBuildFile; fileRef = B00000000000000000000021 /* ClairV2MobileRootView.swift */; };
		B00000000000000000000042 /* ClairV2MobileKit in Frameworks */ = {isa = PBXBuildFile; productRef = B00000000000000000000011 /* ClairV2MobileKit */; };
		B00000000000000000000043 /* ClairV2MobileTests.swift in Sources */ = {isa = PBXBuildFile; fileRef = B00000000000000000000023 /* ClairV2MobileTests.swift */; };
		B00000000000000000000044 /* ClairV2MobileKit in Frameworks */ = {isa = PBXBuildFile; productRef = B00000000000000000000011 /* ClairV2MobileKit */; };
		B00000000000000000000045 /* ClairV2MobileUITests.swift in Sources */ = {isa = PBXBuildFile; fileRef = B00000000000000000000024 /* ClairV2MobileUITests.swift */; };
/* End PBXBuildFile section */

/* Begin PBXFileReference section */
		B00000000000000000000020 /* ClairV2MobileApp.swift */ = {isa = PBXFileReference; lastKnownFileType = sourcecode.swift; path = ClairV2MobileApp.swift; sourceTree = "<group>"; };
		B00000000000000000000021 /* ClairV2MobileRootView.swift */ = {isa = PBXFileReference; lastKnownFileType = sourcecode.swift; path = ClairV2MobileRootView.swift; sourceTree = "<group>"; };
		B00000000000000000000022 /* Info.plist */ = {isa = PBXFileReference; lastKnownFileType = text.plist.xml; path = apple/ClairV2MobileApp/Info.plist; sourceTree = SOURCE_ROOT; };
		B00000000000000000000023 /* ClairV2MobileTests.swift */ = {isa = PBXFileReference; lastKnownFileType = sourcecode.swift; path = ClairV2MobileTests.swift; sourceTree = "<group>"; };
		B00000000000000000000024 /* ClairV2MobileUITests.swift */ = {isa = PBXFileReference; lastKnownFileType = sourcecode.swift; path = ClairV2MobileUITests.swift; sourceTree = "<group>"; };
		B00000000000000000000030 /* Clair v2 Mobile.app */ = {isa = PBXFileReference; explicitFileType = wrapper.application; includeInIndex = 0; path = "Clair v2 Mobile.app"; sourceTree = BUILT_PRODUCTS_DIR; };
		B00000000000000000000031 /* ClairV2MobileTests.xctest */ = {isa = PBXFileReference; explicitFileType = wrapper.cfbundle; includeInIndex = 0; path = ClairV2MobileTests.xctest; sourceTree = BUILT_PRODUCTS_DIR; };
		B00000000000000000000032 /* ClairV2MobileUITests.xctest */ = {isa = PBXFileReference; explicitFileType = wrapper.cfbundle; includeInIndex = 0; path = ClairV2MobileUITests.xctest; sourceTree = BUILT_PRODUCTS_DIR; };
/* End PBXFileReference section */

/* Begin PBXFrameworksBuildPhase section */
		B00000000000000000000051 /* Frameworks */ = {
			isa = PBXFrameworksBuildPhase;
			buildActionMask = 2147483647;
			files = (
				B00000000000000000000042 /* ClairV2MobileKit in Frameworks */,
			);
			runOnlyForDeploymentPostprocessing = 0;
		};
		B00000000000000000000054 /* Frameworks */ = {
			isa = PBXFrameworksBuildPhase;
			buildActionMask = 2147483647;
			files = (
				B00000000000000000000044 /* ClairV2MobileKit in Frameworks */,
			);
			runOnlyForDeploymentPostprocessing = 0;
		};
		B00000000000000000000057 /* Frameworks */ = {
			isa = PBXFrameworksBuildPhase;
			buildActionMask = 2147483647;
			files = (
			);
			runOnlyForDeploymentPostprocessing = 0;
		};
/* End PBXFrameworksBuildPhase section */

/* Begin PBXGroup section */
		B00000000000000000000002 = {
			isa = PBXGroup;
			children = (
				B00000000000000000000004 /* ClairV2MobileApp */,
				B00000000000000000000005 /* ClairV2MobileTests */,
				B00000000000000000000006 /* ClairV2MobileUITests */,
				B00000000000000000000003 /* Products */,
			);
			sourceTree = "<group>";
		};
		B00000000000000000000003 /* Products */ = {
			isa = PBXGroup;
			children = (
				B00000000000000000000030 /* Clair v2 Mobile.app */,
				B00000000000000000000031 /* ClairV2MobileTests.xctest */,
				B00000000000000000000032 /* ClairV2MobileUITests.xctest */,
			);
			name = Products;
			sourceTree = "<group>";
		};
		B00000000000000000000004 /* ClairV2MobileApp */ = {
			isa = PBXGroup;
			children = (
				B00000000000000000000020 /* ClairV2MobileApp.swift */,
				B00000000000000000000021 /* ClairV2MobileRootView.swift */,
				B00000000000000000000022 /* Info.plist */,
			);
			path = "packages/ClairV2Apps/Sources/ClairV2MobileApp";
			sourceTree = "<group>";
		};
		B00000000000000000000005 /* ClairV2MobileTests */ = {
			isa = PBXGroup;
			children = (
				B00000000000000000000023 /* ClairV2MobileTests.swift */,
			);
			path = apple/ClairV2MobileTests;
			sourceTree = "<group>";
		};
		B00000000000000000000006 /* ClairV2MobileUITests */ = {
			isa = PBXGroup;
			children = (
				B00000000000000000000024 /* ClairV2MobileUITests.swift */,
			);
			path = apple/ClairV2MobileUITests;
			sourceTree = "<group>";
		};
/* End PBXGroup section */

/* Begin PBXNativeTarget section */
		B00000000000000000000060 /* ClairV2Mobile */ = {
			isa = PBXNativeTarget;
			buildConfigurationList = B00000000000000000000081 /* Build configuration list for PBXNativeTarget "ClairV2Mobile" */;
			buildPhases = (
				B00000000000000000000050 /* Sources */,
				B00000000000000000000051 /* Frameworks */,
				B00000000000000000000052 /* Resources */,
			);
			buildRules = (
			);
			dependencies = (
			);
			name = ClairV2Mobile;
			packageProductDependencies = (
				B00000000000000000000011 /* ClairV2MobileKit */,
			);
			productName = "Clair v2 Mobile";
			productReference = B00000000000000000000030 /* Clair v2 Mobile.app */;
			productType = "com.apple.product-type.application";
		};
		B00000000000000000000061 /* ClairV2MobileTests */ = {
			isa = PBXNativeTarget;
			buildConfigurationList = B00000000000000000000082 /* Build configuration list for PBXNativeTarget "ClairV2MobileTests" */;
			buildPhases = (
				B00000000000000000000053 /* Sources */,
				B00000000000000000000054 /* Frameworks */,
				B00000000000000000000055 /* Resources */,
			);
			buildRules = (
			);
			dependencies = (
				B00000000000000000000070 /* PBXTargetDependency */,
			);
			name = ClairV2MobileTests;
			packageProductDependencies = (
				B00000000000000000000011 /* ClairV2MobileKit */,
			);
			productName = ClairV2MobileTests;
			productReference = B00000000000000000000031 /* ClairV2MobileTests.xctest */;
			productType = "com.apple.product-type.bundle.unit-test";
		};
		B00000000000000000000062 /* ClairV2MobileUITests */ = {
			isa = PBXNativeTarget;
			buildConfigurationList = B00000000000000000000083 /* Build configuration list for PBXNativeTarget "ClairV2MobileUITests" */;
			buildPhases = (
				B00000000000000000000056 /* Sources */,
				B00000000000000000000057 /* Frameworks */,
				B00000000000000000000058 /* Resources */,
			);
			buildRules = (
			);
			dependencies = (
				B00000000000000000000071 /* PBXTargetDependency */,
			);
			name = ClairV2MobileUITests;
			productName = ClairV2MobileUITests;
			productReference = B00000000000000000000032 /* ClairV2MobileUITests.xctest */;
			productType = "com.apple.product-type.bundle.ui-testing";
		};
/* End PBXNativeTarget section */

/* Begin PBXProject section */
		B00000000000000000000001 /* Project object */ = {
			isa = PBXProject;
			attributes = {
				BuildIndependentTargetsInParallel = 1;
				LastSwiftUpdateCheck = 2600;
				LastUpgradeCheck = 2600;
				TargetAttributes = {
					B00000000000000000000060 = {
						CreatedOnToolsVersion = 2600;
					};
					B00000000000000000000061 = {
						CreatedOnToolsVersion = 2600;
						TestTargetID = B00000000000000000000060;
					};
					B00000000000000000000062 = {
						CreatedOnToolsVersion = 2600;
						TestTargetID = B00000000000000000000060;
					};
				};
			};
			buildConfigurationList = B00000000000000000000080 /* Build configuration list for PBXProject "ClairV2Mobile" */;
			compatibilityVersion = "Xcode 14.0";
			developmentRegion = en;
			hasScannedForEncodings = 0;
			knownRegions = (
				en,
				Base,
			);
			mainGroup = B00000000000000000000002;
			packageReferences = (
				B00000000000000000000010 /* XCLocalSwiftPackageReference "ClairV2Core" */,
			);
			productRefGroup = B00000000000000000000003 /* Products */;
			projectDirPath = "";
			projectRoot = "";
			targets = (
				B00000000000000000000060 /* ClairV2Mobile */,
				B00000000000000000000061 /* ClairV2MobileTests */,
				B00000000000000000000062 /* ClairV2MobileUITests */,
			);
		};
/* End PBXProject section */

/* Begin PBXResourcesBuildPhase section */
		B00000000000000000000052 /* Resources */ = {
			isa = PBXResourcesBuildPhase;
			buildActionMask = 2147483647;
			files = (
			);
			runOnlyForDeploymentPostprocessing = 0;
		};
		B00000000000000000000055 /* Resources */ = {
			isa = PBXResourcesBuildPhase;
			buildActionMask = 2147483647;
			files = (
			);
			runOnlyForDeploymentPostprocessing = 0;
		};
		B00000000000000000000058 /* Resources */ = {
			isa = PBXResourcesBuildPhase;
			buildActionMask = 2147483647;
			files = (
			);
			runOnlyForDeploymentPostprocessing = 0;
		};
/* End PBXResourcesBuildPhase section */

/* Begin PBXSourcesBuildPhase section */
		B00000000000000000000050 /* Sources */ = {
			isa = PBXSourcesBuildPhase;
			buildActionMask = 2147483647;
			files = (
				B00000000000000000000040 /* ClairV2MobileApp.swift in Sources */,
				B00000000000000000000041 /* ClairV2MobileRootView.swift in Sources */,
			);
			runOnlyForDeploymentPostprocessing = 0;
		};
		B00000000000000000000053 /* Sources */ = {
			isa = PBXSourcesBuildPhase;
			buildActionMask = 2147483647;
			files = (
				B00000000000000000000043 /* ClairV2MobileTests.swift in Sources */,
			);
			runOnlyForDeploymentPostprocessing = 0;
		};
		B00000000000000000000056 /* Sources */ = {
			isa = PBXSourcesBuildPhase;
			buildActionMask = 2147483647;
			files = (
				B00000000000000000000045 /* ClairV2MobileUITests.swift in Sources */,
			);
			runOnlyForDeploymentPostprocessing = 0;
		};
/* End PBXSourcesBuildPhase section */

/* Begin PBXTargetDependency section */
		B00000000000000000000070 /* PBXTargetDependency */ = {
			isa = PBXTargetDependency;
			target = B00000000000000000000060 /* ClairV2Mobile */;
		};
		B00000000000000000000071 /* PBXTargetDependency */ = {
			isa = PBXTargetDependency;
			target = B00000000000000000000060 /* ClairV2Mobile */;
		};
/* End PBXTargetDependency section */

/* Begin XCBuildConfiguration section */
		B00000000000000000000090 /* Debug */ = {
			isa = XCBuildConfiguration;
			buildSettings = {
				ALWAYS_SEARCH_USER_PATHS = NO;
				CLANG_ENABLE_MODULES = YES;
				SWIFT_VERSION = 6.0;
			};
			name = Debug;
		};
		B00000000000000000000091 /* Release */ = {
			isa = XCBuildConfiguration;
			buildSettings = {
				ALWAYS_SEARCH_USER_PATHS = NO;
				CLANG_ENABLE_MODULES = YES;
				SWIFT_VERSION = 6.0;
			};
			name = Release;
		};
		B00000000000000000000092 /* Debug */ = {
			isa = XCBuildConfiguration;
			buildSettings = {
				CODE_SIGN_IDENTITY = "Apple Development";
				CODE_SIGN_STYLE = Automatic;
				CURRENT_PROJECT_VERSION = 1;
				DEVELOPMENT_TEAM = 3UY66R4X2N;
				GENERATE_INFOPLIST_FILE = NO;
				INFOPLIST_FILE = "$(SRCROOT)/apple/ClairV2MobileApp/Info.plist";
				IPHONEOS_DEPLOYMENT_TARGET = 17.0;
				MARKETING_VERSION = 0.1.0;
				PRODUCT_BUNDLE_IDENTIFIER = com.diwamoto.clair.mobile;
				PRODUCT_MODULE_NAME = ClairV2Mobile;
				PRODUCT_NAME = "Clair v2 Mobile";
				SDKROOT = iphoneos;
				SWIFT_TREAT_WARNINGS_AS_ERRORS = YES;
				SWIFT_VERSION = 6.0;
				TARGETED_DEVICE_FAMILY = "1,2";
			};
			name = Debug;
		};
		B00000000000000000000093 /* Release */ = {
			isa = XCBuildConfiguration;
			buildSettings = {
				CODE_SIGN_IDENTITY = "Apple Distribution";
				CODE_SIGN_STYLE = Automatic;
				CURRENT_PROJECT_VERSION = 1;
				DEVELOPMENT_TEAM = 3UY66R4X2N;
				GENERATE_INFOPLIST_FILE = NO;
				INFOPLIST_FILE = "$(SRCROOT)/apple/ClairV2MobileApp/Info.plist";
				IPHONEOS_DEPLOYMENT_TARGET = 17.0;
				MARKETING_VERSION = 0.1.0;
				PRODUCT_BUNDLE_IDENTIFIER = com.diwamoto.clair.mobile;
				PRODUCT_MODULE_NAME = ClairV2Mobile;
				PRODUCT_NAME = "Clair v2 Mobile";
				SDKROOT = iphoneos;
				SWIFT_COMPILATION_MODE = wholemodule;
				SWIFT_TREAT_WARNINGS_AS_ERRORS = YES;
				SWIFT_VERSION = 6.0;
				TARGETED_DEVICE_FAMILY = "1,2";
				VALIDATE_PRODUCT = YES;
			};
			name = Release;
		};
		B00000000000000000000094 /* Debug */ = {
			isa = XCBuildConfiguration;
			buildSettings = {
				BUNDLE_LOADER = "$(TEST_HOST)";
				GENERATE_INFOPLIST_FILE = YES;
				IPHONEOS_DEPLOYMENT_TARGET = 17.0;
				PRODUCT_BUNDLE_IDENTIFIER = com.diwamoto.clair.mobile.tests;
				PRODUCT_MODULE_NAME = ClairV2MobileTests;
				PRODUCT_NAME = ClairV2MobileTests;
				SDKROOT = iphoneos;
				SWIFT_TREAT_WARNINGS_AS_ERRORS = YES;
				SWIFT_VERSION = 6.0;
				TARGETED_DEVICE_FAMILY = "1,2";
				TEST_HOST = "$(BUILT_PRODUCTS_DIR)/Clair v2 Mobile.app/Clair v2 Mobile";
			};
			name = Debug;
		};
		B00000000000000000000095 /* Release */ = {
			isa = XCBuildConfiguration;
			buildSettings = {
				BUNDLE_LOADER = "$(TEST_HOST)";
				GENERATE_INFOPLIST_FILE = YES;
				IPHONEOS_DEPLOYMENT_TARGET = 17.0;
				PRODUCT_BUNDLE_IDENTIFIER = com.diwamoto.clair.mobile.tests;
				PRODUCT_MODULE_NAME = ClairV2MobileTests;
				PRODUCT_NAME = ClairV2MobileTests;
				SDKROOT = iphoneos;
				SWIFT_COMPILATION_MODE = wholemodule;
				SWIFT_TREAT_WARNINGS_AS_ERRORS = YES;
				SWIFT_VERSION = 6.0;
				TARGETED_DEVICE_FAMILY = "1,2";
				TEST_HOST = "$(BUILT_PRODUCTS_DIR)/Clair v2 Mobile.app/Clair v2 Mobile";
			};
			name = Release;
		};
		B00000000000000000000096 /* Debug */ = {
			isa = XCBuildConfiguration;
			buildSettings = {
				GENERATE_INFOPLIST_FILE = YES;
				IPHONEOS_DEPLOYMENT_TARGET = 17.0;
				PRODUCT_BUNDLE_IDENTIFIER = com.diwamoto.clair.mobile.uitests;
				PRODUCT_MODULE_NAME = ClairV2MobileUITests;
				PRODUCT_NAME = ClairV2MobileUITests;
				SDKROOT = iphoneos;
				SWIFT_TREAT_WARNINGS_AS_ERRORS = YES;
				SWIFT_VERSION = 6.0;
				TARGETED_DEVICE_FAMILY = "1,2";
				TEST_TARGET_NAME = ClairV2Mobile;
			};
			name = Debug;
		};
		B00000000000000000000097 /* Release */ = {
			isa = XCBuildConfiguration;
			buildSettings = {
				GENERATE_INFOPLIST_FILE = YES;
				IPHONEOS_DEPLOYMENT_TARGET = 17.0;
				PRODUCT_BUNDLE_IDENTIFIER = com.diwamoto.clair.mobile.uitests;
				PRODUCT_MODULE_NAME = ClairV2MobileUITests;
				PRODUCT_NAME = ClairV2MobileUITests;
				SDKROOT = iphoneos;
				SWIFT_COMPILATION_MODE = wholemodule;
				SWIFT_TREAT_WARNINGS_AS_ERRORS = YES;
				SWIFT_VERSION = 6.0;
				TARGETED_DEVICE_FAMILY = "1,2";
				TEST_TARGET_NAME = ClairV2Mobile;
			};
			name = Release;
		};
/* End XCBuildConfiguration section */

/* Begin XCConfigurationList section */
		B00000000000000000000080 /* Build configuration list for PBXProject "ClairV2Mobile" */ = {
			isa = XCConfigurationList;
			buildConfigurations = (
				B00000000000000000000090 /* Debug */,
				B00000000000000000000091 /* Release */,
			);
			defaultConfigurationIsVisible = 0;
			defaultConfigurationName = Release;
		};
		B00000000000000000000081 /* Build configuration list for PBXNativeTarget "ClairV2Mobile" */ = {
			isa = XCConfigurationList;
			buildConfigurations = (
				B00000000000000000000092 /* Debug */,
				B00000000000000000000093 /* Release */,
			);
			defaultConfigurationIsVisible = 0;
			defaultConfigurationName = Release;
		};
		B00000000000000000000082 /* Build configuration list for PBXNativeTarget "ClairV2MobileTests" */ = {
			isa = XCConfigurationList;
			buildConfigurations = (
				B00000000000000000000094 /* Debug */,
				B00000000000000000000095 /* Release */,
			);
			defaultConfigurationIsVisible = 0;
			defaultConfigurationName = Release;
		};
		B00000000000000000000083 /* Build configuration list for PBXNativeTarget "ClairV2MobileUITests" */ = {
			isa = XCConfigurationList;
			buildConfigurations = (
				B00000000000000000000096 /* Debug */,
				B00000000000000000000097 /* Release */,
			);
			defaultConfigurationIsVisible = 0;
			defaultConfigurationName = Release;
		};
/* End XCConfigurationList section */

/* Begin XCLocalSwiftPackageReference section */
		B00000000000000000000010 /* XCLocalSwiftPackageReference "ClairV2Core" */ = {
			isa = XCLocalSwiftPackageReference;
			relativePath = packages/ClairV2Core;
		};
/* End XCLocalSwiftPackageReference section */

/* Begin XCSwiftPackageProductDependency section */
		B00000000000000000000011 /* ClairV2MobileKit */ = {
			isa = XCSwiftPackageProductDependency;
			package = B00000000000000000000010 /* XCLocalSwiftPackageReference "ClairV2Core" */;
			productName = ClairV2MobileKit;
		};
/* End XCSwiftPackageProductDependency section */
	};
	rootObject = B00000000000000000000001 /* Project object */;
}
