// !$*UTF8*$!
{
	archiveVersion = 1;
	classes = {
	};
	objectVersion = 56;
	objects = {

/* Begin PBXBuildFile section */
		A00000000000000000000031 /* ClairApp.swift in Sources */ = {isa = PBXBuildFile; fileRef = A00000000000000000000011 /* ClairApp.swift */; };
		A00000000000000000000032 /* ClairRuntimeProfile.swift in Sources */ = {isa = PBXBuildFile; fileRef = A00000000000000000000012 /* ClairRuntimeProfile.swift */; };
		A00000000000000000000033 /* RustCore.swift in Sources */ = {isa = PBXBuildFile; fileRef = A00000000000000000000013 /* RustCore.swift */; };
		A00000000000000000000034 /* BootstrapState.swift in Sources */ = {isa = PBXBuildFile; fileRef = A00000000000000000000014 /* BootstrapState.swift */; };
		A00000000000000000000035 /* ContentView.swift in Sources */ = {isa = PBXBuildFile; fileRef = A00000000000000000000015 /* ContentView.swift */; };
		A00000000000000000000036 /* ClairApp.swift in Sources */ = {isa = PBXBuildFile; fileRef = A00000000000000000000011 /* ClairApp.swift */; };
		A00000000000000000000037 /* ClairRuntimeProfile.swift in Sources */ = {isa = PBXBuildFile; fileRef = A00000000000000000000012 /* ClairRuntimeProfile.swift */; };
		A00000000000000000000038 /* RustCore.swift in Sources */ = {isa = PBXBuildFile; fileRef = A00000000000000000000013 /* RustCore.swift */; };
		A00000000000000000000039 /* BootstrapState.swift in Sources */ = {isa = PBXBuildFile; fileRef = A00000000000000000000014 /* BootstrapState.swift */; };
		A0000000000000000000003A /* ContentView.swift in Sources */ = {isa = PBXBuildFile; fileRef = A00000000000000000000015 /* ContentView.swift */; };
		A0000000000000000000003B /* ClairRuntimeProfileTests.swift in Sources */ = {isa = PBXBuildFile; fileRef = A00000000000000000000017 /* ClairRuntimeProfileTests.swift */; };
		A0000000000000000000003C /* ProjectModel.swift in Sources */ = {isa = PBXBuildFile; fileRef = A0000000000000000000001E /* ProjectModel.swift */; };
		A0000000000000000000003D /* ProjectStore.swift in Sources */ = {isa = PBXBuildFile; fileRef = A0000000000000000000001F /* ProjectStore.swift */; };
		A0000000000000000000003E /* CommandRegistry.swift in Sources */ = {isa = PBXBuildFile; fileRef = A00000000000000000000020 /* CommandRegistry.swift */; };
		A0000000000000000000003F /* ProjectWorkspace.swift in Sources */ = {isa = PBXBuildFile; fileRef = A00000000000000000000024 /* ProjectWorkspace.swift */; };
		A00000000000000000000056 /* ProjectModel.swift in Sources */ = {isa = PBXBuildFile; fileRef = A0000000000000000000001E /* ProjectModel.swift */; };
		A00000000000000000000057 /* ProjectStore.swift in Sources */ = {isa = PBXBuildFile; fileRef = A0000000000000000000001F /* ProjectStore.swift */; };
		A00000000000000000000058 /* CommandRegistry.swift in Sources */ = {isa = PBXBuildFile; fileRef = A00000000000000000000020 /* CommandRegistry.swift */; };
		A00000000000000000000059 /* ProjectWorkspace.swift in Sources */ = {isa = PBXBuildFile; fileRef = A00000000000000000000024 /* ProjectWorkspace.swift */; };
		A0000000000000000000005A /* ProjectKernelTests.swift in Sources */ = {isa = PBXBuildFile; fileRef = A00000000000000000000025 /* ProjectKernelTests.swift */; };
		A00000000000000000000075 /* TerminalProtocol.swift in Sources */ = {isa = PBXBuildFile; fileRef = A00000000000000000000026 /* TerminalProtocol.swift */; };
		A00000000000000000000076 /* TerminalSession.swift in Sources */ = {isa = PBXBuildFile; fileRef = A00000000000000000000027 /* TerminalSession.swift */; };
		A00000000000000000000077 /* TerminalSurface.swift in Sources */ = {isa = PBXBuildFile; fileRef = A00000000000000000000028 /* TerminalSurface.swift */; };
		A00000000000000000000078 /* TerminalProtocol.swift in Sources */ = {isa = PBXBuildFile; fileRef = A00000000000000000000026 /* TerminalProtocol.swift */; };
		A00000000000000000000079 /* TerminalSession.swift in Sources */ = {isa = PBXBuildFile; fileRef = A00000000000000000000027 /* TerminalSession.swift */; };
		A0000000000000000000007A /* TerminalSurface.swift in Sources */ = {isa = PBXBuildFile; fileRef = A00000000000000000000028 /* TerminalSurface.swift */; };
		A0000000000000000000007B /* TerminalTests.swift in Sources */ = {isa = PBXBuildFile; fileRef = A00000000000000000000029 /* TerminalTests.swift */; };
		A0000000000000000000007C /* NativeEditor.swift in Sources */ = {isa = PBXBuildFile; fileRef = A0000000000000000000002A /* NativeEditor.swift */; };
		A0000000000000000000007D /* NativeEditor.swift in Sources */ = {isa = PBXBuildFile; fileRef = A0000000000000000000002A /* NativeEditor.swift */; };
		A0000000000000000000007E /* NativeEditorTests.swift in Sources */ = {isa = PBXBuildFile; fileRef = A0000000000000000000002B /* NativeEditorTests.swift */; };
		A0000000000000000000007F /* ProjectNavigation.swift in Sources */ = {isa = PBXBuildFile; fileRef = A0000000000000000000002C /* ProjectNavigation.swift */; };
		A00000000000000000000080 /* ProjectNavigation.swift in Sources */ = {isa = PBXBuildFile; fileRef = A0000000000000000000002C /* ProjectNavigation.swift */; };
		A00000000000000000000081 /* ProjectNavigationTests.swift in Sources */ = {isa = PBXBuildFile; fileRef = A0000000000000000000002D /* ProjectNavigationTests.swift */; };
		A00000000000000000000082 /* SessionBroker.swift in Sources */ = {isa = PBXBuildFile; fileRef = A0000000000000000000002E /* SessionBroker.swift */; };
		A00000000000000000000083 /* SessionBroker.swift in Sources */ = {isa = PBXBuildFile; fileRef = A0000000000000000000002E /* SessionBroker.swift */; };
		A00000000000000000000084 /* ProjectGit.swift in Sources */ = {isa = PBXBuildFile; fileRef = A0000000000000000000002F /* ProjectGit.swift */; };
		A00000000000000000000085 /* ProjectGit.swift in Sources */ = {isa = PBXBuildFile; fileRef = A0000000000000000000002F /* ProjectGit.swift */; };
		A00000000000000000000086 /* ProjectGitTests.swift in Sources */ = {isa = PBXBuildFile; fileRef = A00000000000000000000030 /* ProjectGitTests.swift */; };
		A00000000000000000000087 /* AgentWorkflow.swift in Sources */ = {isa = PBXBuildFile; fileRef = A00000000000000000000091 /* AgentWorkflow.swift */; };
		A00000000000000000000088 /* AgentActivity.swift in Sources */ = {isa = PBXBuildFile; fileRef = A00000000000000000000092 /* AgentActivity.swift */; };
		A00000000000000000000089 /* AgentCoordinator.swift in Sources */ = {isa = PBXBuildFile; fileRef = A00000000000000000000093 /* AgentCoordinator.swift */; };
		A0000000000000000000008A /* AgentWorkflow.swift in Sources */ = {isa = PBXBuildFile; fileRef = A00000000000000000000091 /* AgentWorkflow.swift */; };
		A0000000000000000000008B /* AgentActivity.swift in Sources */ = {isa = PBXBuildFile; fileRef = A00000000000000000000092 /* AgentActivity.swift */; };
		A0000000000000000000008C /* AgentCoordinator.swift in Sources */ = {isa = PBXBuildFile; fileRef = A00000000000000000000093 /* AgentCoordinator.swift */; };
		A0000000000000000000008D /* AgentActivityTests.swift in Sources */ = {isa = PBXBuildFile; fileRef = A00000000000000000000095 /* AgentActivityTests.swift */; };
		A0000000000000000000008E /* AgentWorkflowTests.swift in Sources */ = {isa = PBXBuildFile; fileRef = A00000000000000000000094 /* AgentWorkflowTests.swift */; };
		A0000000000000000000008F /* agent-hook.sh in Resources */ = {isa = PBXBuildFile; fileRef = A00000000000000000000096 /* agent-hook.sh */; };
		A00000000000000000000090 /* agent-hook.sh in Resources */ = {isa = PBXBuildFile; fileRef = A00000000000000000000096 /* agent-hook.sh */; };
		A0000000000000000000009A /* ProjectWorktree.swift in Sources */ = {isa = PBXBuildFile; fileRef = A00000000000000000000097 /* ProjectWorktree.swift */; };
		A0000000000000000000009B /* ProjectWorktree.swift in Sources */ = {isa = PBXBuildFile; fileRef = A00000000000000000000097 /* ProjectWorktree.swift */; };
		A0000000000000000000009C /* ManagedWorktreeTests.swift in Sources */ = {isa = PBXBuildFile; fileRef = A00000000000000000000098 /* ManagedWorktreeTests.swift */; };
		A0000000000000000000009D /* CommandSurfaces.swift in Sources */ = {isa = PBXBuildFile; fileRef = A000000000000000000000A0 /* CommandSurfaces.swift */; };
		A0000000000000000000009E /* CommandSurfaces.swift in Sources */ = {isa = PBXBuildFile; fileRef = A000000000000000000000A0 /* CommandSurfaces.swift */; };
		A000000000000000000000A4 /* CommandAdapters.swift in Sources */ = {isa = PBXBuildFile; fileRef = A000000000000000000000A1 /* CommandAdapters.swift */; };
		A000000000000000000000A5 /* CommandIPC.swift in Sources */ = {isa = PBXBuildFile; fileRef = A000000000000000000000A2 /* CommandIPC.swift */; };
		A000000000000000000000A6 /* CommandAdapters.swift in Sources */ = {isa = PBXBuildFile; fileRef = A000000000000000000000A1 /* CommandAdapters.swift */; };
		A000000000000000000000A7 /* CommandIPC.swift in Sources */ = {isa = PBXBuildFile; fileRef = A000000000000000000000A2 /* CommandIPC.swift */; };
		A000000000000000000000A8 /* CommandAdapterTests.swift in Sources */ = {isa = PBXBuildFile; fileRef = A000000000000000000000A3 /* CommandAdapterTests.swift */; };
		A000000000000000000000B0 /* ClairUpdate.swift in Sources */ = {isa = PBXBuildFile; fileRef = A000000000000000000000B5 /* ClairUpdate.swift */; };
		A000000000000000000000B1 /* ClairLifecycle.swift in Sources */ = {isa = PBXBuildFile; fileRef = A000000000000000000000B6 /* ClairLifecycle.swift */; };
		A000000000000000000000B2 /* ClairUpdate.swift in Sources */ = {isa = PBXBuildFile; fileRef = A000000000000000000000B5 /* ClairUpdate.swift */; };
		A000000000000000000000B3 /* ClairLifecycle.swift in Sources */ = {isa = PBXBuildFile; fileRef = A000000000000000000000B6 /* ClairLifecycle.swift */; };
		A000000000000000000000B4 /* ClairUpdateTests.swift in Sources */ = {isa = PBXBuildFile; fileRef = A000000000000000000000B7 /* ClairUpdateTests.swift */; };
		A000000000000000000000C1 /* TerminalVTerm.c in Sources */ = {isa = PBXBuildFile; fileRef = A000000000000000000000C2 /* TerminalVTerm.c */; };
		A000000000000000000000C3 /* TerminalVTerm.c in Sources */ = {isa = PBXBuildFile; fileRef = A000000000000000000000C2 /* TerminalVTerm.c */; };
/* End PBXBuildFile section */

/* Begin PBXContainerItemProxy section */
		A00000000000000000000054 /* PBXContainerItemProxy */ = {
			isa = PBXContainerItemProxy;
			containerPortal = A00000000000000000000001 /* Project object */;
			proxyType = 1;
			remoteGlobalIDString = A00000000000000000000052;
			remoteInfo = ClairDev;
		};
/* End PBXContainerItemProxy section */

/* Begin PBXFileReference section */
		A00000000000000000000011 /* ClairApp.swift */ = {isa = PBXFileReference; lastKnownFileType = sourcecode.swift; path = ClairApp.swift; sourceTree = "<group>"; };
		A00000000000000000000012 /* ClairRuntimeProfile.swift */ = {isa = PBXFileReference; lastKnownFileType = sourcecode.swift; path = ClairRuntimeProfile.swift; sourceTree = "<group>"; };
		A00000000000000000000013 /* RustCore.swift */ = {isa = PBXFileReference; lastKnownFileType = sourcecode.swift; path = RustCore.swift; sourceTree = "<group>"; };
		A00000000000000000000014 /* BootstrapState.swift */ = {isa = PBXFileReference; lastKnownFileType = sourcecode.swift; path = BootstrapState.swift; sourceTree = "<group>"; };
		A00000000000000000000015 /* ContentView.swift */ = {isa = PBXFileReference; lastKnownFileType = sourcecode.swift; path = ContentView.swift; sourceTree = "<group>"; };
		A00000000000000000000016 /* Clair-Bridging-Header.h */ = {isa = PBXFileReference; lastKnownFileType = sourcecode.c.h; path = "Clair-Bridging-Header.h"; sourceTree = "<group>"; };
		A00000000000000000000017 /* ClairRuntimeProfileTests.swift */ = {isa = PBXFileReference; lastKnownFileType = sourcecode.swift; path = ClairRuntimeProfileTests.swift; sourceTree = "<group>"; };
		A00000000000000000000018 /* clair_core.h */ = {isa = PBXFileReference; lastKnownFileType = sourcecode.c.h; path = clair_core.h; sourceTree = "<group>"; };
		A00000000000000000000019 /* Base.xcconfig */ = {isa = PBXFileReference; lastKnownFileType = text.xcconfig; path = Base.xcconfig; sourceTree = "<group>"; };
		A0000000000000000000001A /* App.xcconfig */ = {isa = PBXFileReference; lastKnownFileType = text.xcconfig; path = App.xcconfig; sourceTree = "<group>"; };
		A0000000000000000000001B /* Stable.xcconfig */ = {isa = PBXFileReference; lastKnownFileType = text.xcconfig; path = Stable.xcconfig; sourceTree = "<group>"; };
		A0000000000000000000001C /* Dev.xcconfig */ = {isa = PBXFileReference; lastKnownFileType = text.xcconfig; path = Dev.xcconfig; sourceTree = "<group>"; };
		A0000000000000000000001D /* Tests.xcconfig */ = {isa = PBXFileReference; lastKnownFileType = text.xcconfig; path = Tests.xcconfig; sourceTree = "<group>"; };
		A0000000000000000000001E /* ProjectModel.swift */ = {isa = PBXFileReference; lastKnownFileType = sourcecode.swift; path = ProjectModel.swift; sourceTree = "<group>"; };
		A0000000000000000000001F /* ProjectStore.swift */ = {isa = PBXFileReference; lastKnownFileType = sourcecode.swift; path = ProjectStore.swift; sourceTree = "<group>"; };
		A00000000000000000000020 /* CommandRegistry.swift */ = {isa = PBXFileReference; lastKnownFileType = sourcecode.swift; path = CommandRegistry.swift; sourceTree = "<group>"; };
		A00000000000000000000024 /* ProjectWorkspace.swift */ = {isa = PBXFileReference; lastKnownFileType = sourcecode.swift; path = ProjectWorkspace.swift; sourceTree = "<group>"; };
		A00000000000000000000025 /* ProjectKernelTests.swift */ = {isa = PBXFileReference; lastKnownFileType = sourcecode.swift; path = ProjectKernelTests.swift; sourceTree = "<group>"; };
		A00000000000000000000026 /* TerminalProtocol.swift */ = {isa = PBXFileReference; lastKnownFileType = sourcecode.swift; path = TerminalProtocol.swift; sourceTree = "<group>"; };
		A00000000000000000000027 /* TerminalSession.swift */ = {isa = PBXFileReference; lastKnownFileType = sourcecode.swift; path = TerminalSession.swift; sourceTree = "<group>"; };
		A00000000000000000000028 /* TerminalSurface.swift */ = {isa = PBXFileReference; lastKnownFileType = sourcecode.swift; path = TerminalSurface.swift; sourceTree = "<group>"; };
		A00000000000000000000029 /* TerminalTests.swift */ = {isa = PBXFileReference; lastKnownFileType = sourcecode.swift; path = TerminalTests.swift; sourceTree = "<group>"; };
		A0000000000000000000002A /* NativeEditor.swift */ = {isa = PBXFileReference; lastKnownFileType = sourcecode.swift; path = NativeEditor.swift; sourceTree = "<group>"; };
		A0000000000000000000002B /* NativeEditorTests.swift */ = {isa = PBXFileReference; lastKnownFileType = sourcecode.swift; path = NativeEditorTests.swift; sourceTree = "<group>"; };
		A0000000000000000000002C /* ProjectNavigation.swift */ = {isa = PBXFileReference; lastKnownFileType = sourcecode.swift; path = ProjectNavigation.swift; sourceTree = "<group>"; };
		A0000000000000000000002D /* ProjectNavigationTests.swift */ = {isa = PBXFileReference; lastKnownFileType = sourcecode.swift; path = ProjectNavigationTests.swift; sourceTree = "<group>"; };
		A0000000000000000000002E /* SessionBroker.swift */ = {isa = PBXFileReference; lastKnownFileType = sourcecode.swift; path = SessionBroker.swift; sourceTree = "<group>"; };
		A0000000000000000000002F /* ProjectGit.swift */ = {isa = PBXFileReference; lastKnownFileType = sourcecode.swift; path = ProjectGit.swift; sourceTree = "<group>"; };
		A00000000000000000000030 /* ProjectGitTests.swift */ = {isa = PBXFileReference; lastKnownFileType = sourcecode.swift; path = ProjectGitTests.swift; sourceTree = "<group>"; };
		A00000000000000000000091 /* AgentWorkflow.swift */ = {isa = PBXFileReference; lastKnownFileType = sourcecode.swift; path = AgentWorkflow.swift; sourceTree = "<group>"; };
		A00000000000000000000092 /* AgentActivity.swift */ = {isa = PBXFileReference; lastKnownFileType = sourcecode.swift; path = AgentActivity.swift; sourceTree = "<group>"; };
		A00000000000000000000093 /* AgentCoordinator.swift */ = {isa = PBXFileReference; lastKnownFileType = sourcecode.swift; path = AgentCoordinator.swift; sourceTree = "<group>"; };
		A00000000000000000000094 /* AgentWorkflowTests.swift */ = {isa = PBXFileReference; lastKnownFileType = sourcecode.swift; path = AgentWorkflowTests.swift; sourceTree = "<group>"; };
		A00000000000000000000095 /* AgentActivityTests.swift */ = {isa = PBXFileReference; lastKnownFileType = sourcecode.swift; path = AgentActivityTests.swift; sourceTree = "<group>"; };
		A00000000000000000000096 /* agent-hook.sh */ = {isa = PBXFileReference; lastKnownFileType = text.script.sh; path = scripts/agent-hook.sh; sourceTree = "<group>"; };
		A00000000000000000000097 /* ProjectWorktree.swift */ = {isa = PBXFileReference; lastKnownFileType = sourcecode.swift; path = ProjectWorktree.swift; sourceTree = "<group>"; };
		A00000000000000000000098 /* ManagedWorktreeTests.swift */ = {isa = PBXFileReference; lastKnownFileType = sourcecode.swift; path = ManagedWorktreeTests.swift; sourceTree = "<group>"; };
		A000000000000000000000A0 /* CommandSurfaces.swift */ = {isa = PBXFileReference; lastKnownFileType = sourcecode.swift; path = CommandSurfaces.swift; sourceTree = "<group>"; };
		A000000000000000000000A1 /* CommandAdapters.swift */ = {isa = PBXFileReference; lastKnownFileType = sourcecode.swift; path = CommandAdapters.swift; sourceTree = "<group>"; };
		A000000000000000000000A2 /* CommandIPC.swift */ = {isa = PBXFileReference; lastKnownFileType = sourcecode.swift; path = CommandIPC.swift; sourceTree = "<group>"; };
		A000000000000000000000A3 /* CommandAdapterTests.swift */ = {isa = PBXFileReference; lastKnownFileType = sourcecode.swift; path = CommandAdapterTests.swift; sourceTree = "<group>"; };
		A000000000000000000000B5 /* ClairUpdate.swift */ = {isa = PBXFileReference; lastKnownFileType = sourcecode.swift; path = ClairUpdate.swift; sourceTree = "<group>"; };
		A000000000000000000000B6 /* ClairLifecycle.swift */ = {isa = PBXFileReference; lastKnownFileType = sourcecode.swift; path = ClairLifecycle.swift; sourceTree = "<group>"; };
		A000000000000000000000B7 /* ClairUpdateTests.swift */ = {isa = PBXFileReference; lastKnownFileType = sourcecode.swift; path = ClairUpdateTests.swift; sourceTree = "<group>"; };
		A000000000000000000000B8 /* Info.plist */ = {isa = PBXFileReference; lastKnownFileType = text.plist.xml; path = Info.plist; sourceTree = "<group>"; };
		A000000000000000000000C2 /* TerminalVTerm.c */ = {isa = PBXFileReference; lastKnownFileType = sourcecode.c.c; path = TerminalVTerm.c; sourceTree = "<group>"; };
		A000000000000000000000C4 /* TerminalVTerm.h */ = {isa = PBXFileReference; lastKnownFileType = sourcecode.c.h; path = TerminalVTerm.h; sourceTree = "<group>"; };
		A00000000000000000000021 /* Clair.app */ = {isa = PBXFileReference; explicitFileType = wrapper.application; includeInIndex = 0; path = Clair.app; sourceTree = BUILT_PRODUCTS_DIR; };
		A00000000000000000000022 /* Clair Dev.app */ = {isa = PBXFileReference; explicitFileType = wrapper.application; includeInIndex = 0; path = "Clair Dev.app"; sourceTree = BUILT_PRODUCTS_DIR; };
		A00000000000000000000023 /* ClairTests.xctest */ = {isa = PBXFileReference; explicitFileType = wrapper.cfbundle; includeInIndex = 0; path = ClairTests.xctest; sourceTree = BUILT_PRODUCTS_DIR; };
/* End PBXFileReference section */

/* Begin PBXFrameworksBuildPhase section */
		A00000000000000000000043 /* Frameworks */ = {
			isa = PBXFrameworksBuildPhase;
			buildActionMask = 2147483647;
			files = (
			);
			runOnlyForDeploymentPostprocessing = 0;
		};
		A00000000000000000000047 /* Frameworks */ = {
			isa = PBXFrameworksBuildPhase;
			buildActionMask = 2147483647;
			files = (
			);
			runOnlyForDeploymentPostprocessing = 0;
		};
		A0000000000000000000004A /* Frameworks */ = {
			isa = PBXFrameworksBuildPhase;
			buildActionMask = 2147483647;
			files = (
			);
			runOnlyForDeploymentPostprocessing = 0;
		};
/* End PBXFrameworksBuildPhase section */

/* Begin PBXGroup section */
		A00000000000000000000002 = {
			isa = PBXGroup;
			children = (
				A00000000000000000000004 /* Config */,
				A00000000000000000000005 /* apple */,
				A00000000000000000000008 /* include */,
				A00000000000000000000003 /* Products */,
			);
			sourceTree = "<group>";
		};
		A00000000000000000000003 /* Products */ = {
			isa = PBXGroup;
			children = (
				A00000000000000000000021 /* Clair.app */,
				A00000000000000000000022 /* Clair Dev.app */,
				A00000000000000000000023 /* ClairTests.xctest */,
			);
			name = Products;
			sourceTree = "<group>";
		};
		A00000000000000000000004 /* Config */ = {
			isa = PBXGroup;
			children = (
				A000000000000000000000B8 /* Info.plist */,
				A00000000000000000000019 /* Base.xcconfig */,
				A0000000000000000000001A /* App.xcconfig */,
				A0000000000000000000001B /* Stable.xcconfig */,
				A0000000000000000000001C /* Dev.xcconfig */,
				A0000000000000000000001D /* Tests.xcconfig */,
			);
			path = Config;
			sourceTree = "<group>";
		};
		A00000000000000000000005 /* apple */ = {
			isa = PBXGroup;
			children = (
				A00000000000000000000006 /* ClairApp */,
				A00000000000000000000007 /* ClairTests */,
			);
			path = apple;
			sourceTree = "<group>";
		};
		A00000000000000000000006 /* ClairApp */ = {
			isa = PBXGroup;
			children = (
				A00000000000000000000011 /* ClairApp.swift */,
				A00000000000000000000012 /* ClairRuntimeProfile.swift */,
				A00000000000000000000013 /* RustCore.swift */,
				A00000000000000000000014 /* BootstrapState.swift */,
				A00000000000000000000015 /* ContentView.swift */,
				A0000000000000000000001E /* ProjectModel.swift */,
				A0000000000000000000001F /* ProjectStore.swift */,
				A00000000000000000000020 /* CommandRegistry.swift */,
				A00000000000000000000024 /* ProjectWorkspace.swift */,
				A00000000000000000000026 /* TerminalProtocol.swift */,
				A00000000000000000000027 /* TerminalSession.swift */,
				A00000000000000000000028 /* TerminalSurface.swift */,
				A000000000000000000000C2 /* TerminalVTerm.c */,
				A000000000000000000000C4 /* TerminalVTerm.h */,
				A0000000000000000000002A /* NativeEditor.swift */,
				A0000000000000000000002C /* ProjectNavigation.swift */,
				A0000000000000000000002E /* SessionBroker.swift */,
				A0000000000000000000002F /* ProjectGit.swift */,
				A00000000000000000000091 /* AgentWorkflow.swift */,
				A00000000000000000000092 /* AgentActivity.swift */,
				A00000000000000000000093 /* AgentCoordinator.swift */,
				A00000000000000000000097 /* ProjectWorktree.swift */,
				A000000000000000000000A0 /* CommandSurfaces.swift */,
				A000000000000000000000A1 /* CommandAdapters.swift */,
				A000000000000000000000A2 /* CommandIPC.swift */,
				A000000000000000000000B5 /* ClairUpdate.swift */,
				A000000000000000000000B6 /* ClairLifecycle.swift */,
				A00000000000000000000016 /* Clair-Bridging-Header.h */,
			);
			path = ClairApp;
			sourceTree = "<group>";
		};
		A00000000000000000000007 /* ClairTests */ = {
			isa = PBXGroup;
			children = (
				A00000000000000000000017 /* ClairRuntimeProfileTests.swift */,
				A00000000000000000000025 /* ProjectKernelTests.swift */,
				A00000000000000000000029 /* TerminalTests.swift */,
				A0000000000000000000002B /* NativeEditorTests.swift */,
				A0000000000000000000002D /* ProjectNavigationTests.swift */,
				A00000000000000000000030 /* ProjectGitTests.swift */,
				A00000000000000000000094 /* AgentWorkflowTests.swift */,
				A00000000000000000000095 /* AgentActivityTests.swift */,
				A00000000000000000000098 /* ManagedWorktreeTests.swift */,
				A000000000000000000000A3 /* CommandAdapterTests.swift */,
				A000000000000000000000B7 /* ClairUpdateTests.swift */,
			);
			path = ClairTests;
			sourceTree = "<group>";
		};
		A00000000000000000000008 /* include */ = {
			isa = PBXGroup;
			children = (
				A00000000000000000000018 /* clair_core.h */,
			);
			path = include;
			sourceTree = "<group>";
		};
/* End PBXGroup section */

/* Begin PBXNativeTarget section */
		A00000000000000000000051 /* ClairStable */ = {
			isa = PBXNativeTarget;
			buildConfigurationList = A00000000000000000000072 /* Build configuration list for PBXNativeTarget "ClairStable" */;
			buildPhases = (
				A000000000000000000000C5 /* Build libvterm */,
				A00000000000000000000041 /* Build Rust Core */,
				A00000000000000000000042 /* Sources */,
				A00000000000000000000043 /* Frameworks */,
				A00000000000000000000044 /* Resources */,
			);
			buildRules = (
			);
			dependencies = (
			);
			name = ClairStable;
			productName = Clair;
			productReference = A00000000000000000000021 /* Clair.app */;
			productType = "com.apple.product-type.application";
		};
		A00000000000000000000052 /* ClairDev */ = {
			isa = PBXNativeTarget;
			buildConfigurationList = A00000000000000000000073 /* Build configuration list for PBXNativeTarget "ClairDev" */;
			buildPhases = (
				A000000000000000000000C6 /* Build libvterm */,
				A00000000000000000000045 /* Build Rust Core */,
				A00000000000000000000046 /* Sources */,
				A00000000000000000000047 /* Frameworks */,
				A00000000000000000000048 /* Resources */,
			);
			buildRules = (
			);
			dependencies = (
			);
			name = ClairDev;
			productName = "Clair Dev";
			productReference = A00000000000000000000022 /* Clair Dev.app */;
			productType = "com.apple.product-type.application";
		};
		A00000000000000000000053 /* ClairTests */ = {
			isa = PBXNativeTarget;
			buildConfigurationList = A00000000000000000000074 /* Build configuration list for PBXNativeTarget "ClairTests" */;
			buildPhases = (
				A00000000000000000000049 /* Sources */,
				A0000000000000000000004A /* Frameworks */,
				A0000000000000000000004B /* Resources */,
			);
			buildRules = (
			);
			dependencies = (
				A00000000000000000000055 /* PBXTargetDependency */,
			);
			name = ClairTests;
			productName = ClairTests;
			productReference = A00000000000000000000023 /* ClairTests.xctest */;
			productType = "com.apple.product-type.bundle.unit-test";
		};
/* End PBXNativeTarget section */

/* Begin PBXProject section */
		A00000000000000000000001 /* Project object */ = {
			isa = PBXProject;
			attributes = {
				BuildIndependentTargetsInParallel = 1;
				LastSwiftUpdateCheck = 1600;
				LastUpgradeCheck = 1600;
				TargetAttributes = {
					A00000000000000000000051 = {
						CreatedOnToolsVersion = 16.0;
					};
					A00000000000000000000052 = {
						CreatedOnToolsVersion = 16.0;
					};
					A00000000000000000000053 = {
						CreatedOnToolsVersion = 16.0;
						TestTargetID = A00000000000000000000052;
					};
				};
			};
			buildConfigurationList = A00000000000000000000071 /* Build configuration list for PBXProject "Clair" */;
			compatibilityVersion = "Xcode 14.0";
			developmentRegion = en;
			hasScannedForEncodings = 0;
			knownRegions = (
				en,
				Base,
			);
			mainGroup = A00000000000000000000002;
			productRefGroup = A00000000000000000000003 /* Products */;
			projectDirPath = "";
			projectRoot = "";
			targets = (
				A00000000000000000000051 /* ClairStable */,
				A00000000000000000000052 /* ClairDev */,
				A00000000000000000000053 /* ClairTests */,
			);
		};
/* End PBXProject section */

/* Begin PBXResourcesBuildPhase section */
		A00000000000000000000044 /* Resources */ = {
			isa = PBXResourcesBuildPhase;
			buildActionMask = 2147483647;
			files = (
				A0000000000000000000008F /* agent-hook.sh in Resources */,
			);
			runOnlyForDeploymentPostprocessing = 0;
		};
		A00000000000000000000048 /* Resources */ = {
			isa = PBXResourcesBuildPhase;
			buildActionMask = 2147483647;
			files = (
				A00000000000000000000090 /* agent-hook.sh in Resources */,
			);
			runOnlyForDeploymentPostprocessing = 0;
		};
		A0000000000000000000004B /* Resources */ = {
			isa = PBXResourcesBuildPhase;
			buildActionMask = 2147483647;
			files = (
			);
			runOnlyForDeploymentPostprocessing = 0;
		};
/* End PBXResourcesBuildPhase section */

/* Begin PBXShellScriptBuildPhase section */
		A00000000000000000000041 /* Build Rust Core */ = {
			isa = PBXShellScriptBuildPhase;
			alwaysOutOfDate = 1;
			buildActionMask = 2147483647;
			files = (
			);
			inputFileListPaths = (
			);
			inputPaths = (
			);
			name = "Build Rust Core";
			outputFileListPaths = (
			);
			outputPaths = (
			);
			runOnlyForDeploymentPostprocessing = 0;
			shellPath = /bin/sh;
			shellScript = "\"$PROJECT_DIR/scripts/build-rust.sh\" \"$CONFIGURATION\"";
			showEnvVarsInLog = 0;
		};
		A00000000000000000000045 /* Build Rust Core */ = {
			isa = PBXShellScriptBuildPhase;
			alwaysOutOfDate = 1;
			buildActionMask = 2147483647;
			files = (
			);
			inputFileListPaths = (
			);
			inputPaths = (
			);
			name = "Build Rust Core";
			outputFileListPaths = (
			);
			outputPaths = (
			);
			runOnlyForDeploymentPostprocessing = 0;
			shellPath = /bin/sh;
			shellScript = "\"$PROJECT_DIR/scripts/build-rust.sh\" \"$CONFIGURATION\"";
			showEnvVarsInLog = 0;
		};
		A000000000000000000000C5 /* Build libvterm */ = {
			isa = PBXShellScriptBuildPhase;
			alwaysOutOfDate = 1;
			buildActionMask = 2147483647;
			files = (
			);
			inputPaths = (
			);
			name = "Build libvterm";
			outputPaths = (
			);
			runOnlyForDeploymentPostprocessing = 0;
			shellPath = /bin/sh;
			shellScript = "\"$PROJECT_DIR/scripts/build-vterm.sh\"";
			showEnvVarsInLog = 0;
		};
		A000000000000000000000C6 /* Build libvterm */ = {
			isa = PBXShellScriptBuildPhase;
			alwaysOutOfDate = 1;
			buildActionMask = 2147483647;
			files = (
			);
			inputPaths = (
			);
			name = "Build libvterm";
			outputPaths = (
			);
			runOnlyForDeploymentPostprocessing = 0;
			shellPath = /bin/sh;
			shellScript = "\"$PROJECT_DIR/scripts/build-vterm.sh\"";
			showEnvVarsInLog = 0;
		};
/* End PBXShellScriptBuildPhase section */

/* Begin PBXSourcesBuildPhase section */
		A00000000000000000000042 /* Sources */ = {
			isa = PBXSourcesBuildPhase;
			buildActionMask = 2147483647;
			files = (
				A00000000000000000000031 /* ClairApp.swift in Sources */,
				A00000000000000000000032 /* ClairRuntimeProfile.swift in Sources */,
				A00000000000000000000033 /* RustCore.swift in Sources */,
				A00000000000000000000034 /* BootstrapState.swift in Sources */,
				A00000000000000000000035 /* ContentView.swift in Sources */,
				A0000000000000000000003C /* ProjectModel.swift in Sources */,
				A0000000000000000000003D /* ProjectStore.swift in Sources */,
				A0000000000000000000003E /* CommandRegistry.swift in Sources */,
				A0000000000000000000003F /* ProjectWorkspace.swift in Sources */,
				A00000000000000000000075 /* TerminalProtocol.swift in Sources */,
				A00000000000000000000076 /* TerminalSession.swift in Sources */,
				A00000000000000000000077 /* TerminalSurface.swift in Sources */,
				A0000000000000000000007C /* NativeEditor.swift in Sources */,
				A0000000000000000000007F /* ProjectNavigation.swift in Sources */,
				A00000000000000000000082 /* SessionBroker.swift in Sources */,
				A00000000000000000000084 /* ProjectGit.swift in Sources */,
				A00000000000000000000087 /* AgentWorkflow.swift in Sources */,
				A00000000000000000000088 /* AgentActivity.swift in Sources */,
				A00000000000000000000089 /* AgentCoordinator.swift in Sources */,
				A0000000000000000000009A /* ProjectWorktree.swift in Sources */,
				A0000000000000000000009D /* CommandSurfaces.swift in Sources */,
				A000000000000000000000A4 /* CommandAdapters.swift in Sources */,
				A000000000000000000000A5 /* CommandIPC.swift in Sources */,
				A000000000000000000000B0 /* ClairUpdate.swift in Sources */,
				A000000000000000000000B1 /* ClairLifecycle.swift in Sources */,
				A000000000000000000000C1 /* TerminalVTerm.c in Sources */,
			);
			runOnlyForDeploymentPostprocessing = 0;
		};
		A00000000000000000000046 /* Sources */ = {
			isa = PBXSourcesBuildPhase;
			buildActionMask = 2147483647;
			files = (
				A00000000000000000000036 /* ClairApp.swift in Sources */,
				A00000000000000000000037 /* ClairRuntimeProfile.swift in Sources */,
				A00000000000000000000038 /* RustCore.swift in Sources */,
				A00000000000000000000039 /* BootstrapState.swift in Sources */,
				A0000000000000000000003A /* ContentView.swift in Sources */,
				A00000000000000000000056 /* ProjectModel.swift in Sources */,
				A00000000000000000000057 /* ProjectStore.swift in Sources */,
				A00000000000000000000058 /* CommandRegistry.swift in Sources */,
				A00000000000000000000059 /* ProjectWorkspace.swift in Sources */,
				A00000000000000000000078 /* TerminalProtocol.swift in Sources */,
				A00000000000000000000079 /* TerminalSession.swift in Sources */,
				A0000000000000000000007A /* TerminalSurface.swift in Sources */,
				A0000000000000000000007D /* NativeEditor.swift in Sources */,
				A00000000000000000000080 /* ProjectNavigation.swift in Sources */,
				A00000000000000000000083 /* SessionBroker.swift in Sources */,
				A00000000000000000000085 /* ProjectGit.swift in Sources */,
				A0000000000000000000008A /* AgentWorkflow.swift in Sources */,
				A0000000000000000000008B /* AgentActivity.swift in Sources */,
				A0000000000000000000008C /* AgentCoordinator.swift in Sources */,
				A0000000000000000000009B /* ProjectWorktree.swift in Sources */,
				A0000000000000000000009E /* CommandSurfaces.swift in Sources */,
				A000000000000000000000A6 /* CommandAdapters.swift in Sources */,
				A000000000000000000000A7 /* CommandIPC.swift in Sources */,
				A000000000000000000000B2 /* ClairUpdate.swift in Sources */,
				A000000000000000000000B3 /* ClairLifecycle.swift in Sources */,
				A000000000000000000000C3 /* TerminalVTerm.c in Sources */,
			);
			runOnlyForDeploymentPostprocessing = 0;
		};
		A00000000000000000000049 /* Sources */ = {
			isa = PBXSourcesBuildPhase;
			buildActionMask = 2147483647;
			files = (
				A0000000000000000000003B /* ClairRuntimeProfileTests.swift in Sources */,
				A0000000000000000000005A /* ProjectKernelTests.swift in Sources */,
				A0000000000000000000007B /* TerminalTests.swift in Sources */,
				A0000000000000000000007E /* NativeEditorTests.swift in Sources */,
				A00000000000000000000081 /* ProjectNavigationTests.swift in Sources */,
				A00000000000000000000086 /* ProjectGitTests.swift in Sources */,
				A0000000000000000000008D /* AgentActivityTests.swift in Sources */,
				A0000000000000000000008E /* AgentWorkflowTests.swift in Sources */,
				A0000000000000000000009C /* ManagedWorktreeTests.swift in Sources */,
				A000000000000000000000A8 /* CommandAdapterTests.swift in Sources */,
				A000000000000000000000B4 /* ClairUpdateTests.swift in Sources */,
			);
			runOnlyForDeploymentPostprocessing = 0;
		};
/* End PBXSourcesBuildPhase section */

/* Begin PBXTargetDependency section */
		A00000000000000000000055 /* PBXTargetDependency */ = {
			isa = PBXTargetDependency;
			target = A00000000000000000000052 /* ClairDev */;
			targetProxy = A00000000000000000000054 /* PBXContainerItemProxy */;
		};
/* End PBXTargetDependency section */

/* Begin XCBuildConfiguration section */
		A00000000000000000000061 /* Debug */ = {
			isa = XCBuildConfiguration;
			buildSettings = {
				DEBUG_INFORMATION_FORMAT = dwarf;
				ENABLE_TESTABILITY = YES;
				GCC_OPTIMIZATION_LEVEL = 0;
				SWIFT_OPTIMIZATION_LEVEL = "-Onone";
			};
			name = Debug;
		};
		A00000000000000000000062 /* Release */ = {
			isa = XCBuildConfiguration;
			buildSettings = {
				DEBUG_INFORMATION_FORMAT = "dwarf-with-dsym";
				SWIFT_COMPILATION_MODE = wholemodule;
				VALIDATE_PRODUCT = YES;
			};
			name = Release;
		};
		A00000000000000000000063 /* Debug */ = {
			isa = XCBuildConfiguration;
			baseConfigurationReference = A0000000000000000000001B /* Stable.xcconfig */;
			buildSettings = {
			};
			name = Debug;
		};
		A00000000000000000000064 /* Release */ = {
			isa = XCBuildConfiguration;
			baseConfigurationReference = A0000000000000000000001B /* Stable.xcconfig */;
			buildSettings = {
			};
			name = Release;
		};
		A00000000000000000000065 /* Debug */ = {
			isa = XCBuildConfiguration;
			baseConfigurationReference = A0000000000000000000001C /* Dev.xcconfig */;
			buildSettings = {
			};
			name = Debug;
		};
		A00000000000000000000066 /* Release */ = {
			isa = XCBuildConfiguration;
			baseConfigurationReference = A0000000000000000000001C /* Dev.xcconfig */;
			buildSettings = {
			};
			name = Release;
		};
		A00000000000000000000067 /* Debug */ = {
			isa = XCBuildConfiguration;
			baseConfigurationReference = A0000000000000000000001D /* Tests.xcconfig */;
			buildSettings = {
			};
			name = Debug;
		};
		A00000000000000000000068 /* Release */ = {
			isa = XCBuildConfiguration;
			baseConfigurationReference = A0000000000000000000001D /* Tests.xcconfig */;
			buildSettings = {
			};
			name = Release;
		};
/* End XCBuildConfiguration section */

/* Begin XCConfigurationList section */
		A00000000000000000000071 /* Build configuration list for PBXProject "Clair" */ = {
			isa = XCConfigurationList;
			buildConfigurations = (
				A00000000000000000000061 /* Debug */,
				A00000000000000000000062 /* Release */,
			);
			defaultConfigurationIsVisible = 0;
			defaultConfigurationName = Release;
		};
		A00000000000000000000072 /* Build configuration list for PBXNativeTarget "ClairStable" */ = {
			isa = XCConfigurationList;
			buildConfigurations = (
				A00000000000000000000063 /* Debug */,
				A00000000000000000000064 /* Release */,
			);
			defaultConfigurationIsVisible = 0;
			defaultConfigurationName = Release;
		};
		A00000000000000000000073 /* Build configuration list for PBXNativeTarget "ClairDev" */ = {
			isa = XCConfigurationList;
			buildConfigurations = (
				A00000000000000000000065 /* Debug */,
				A00000000000000000000066 /* Release */,
			);
			defaultConfigurationIsVisible = 0;
			defaultConfigurationName = Release;
		};
		A00000000000000000000074 /* Build configuration list for PBXNativeTarget "ClairTests" */ = {
			isa = XCConfigurationList;
			buildConfigurations = (
				A00000000000000000000067 /* Debug */,
				A00000000000000000000068 /* Release */,
			);
			defaultConfigurationIsVisible = 0;
			defaultConfigurationName = Release;
		};
/* End XCConfigurationList section */
	};
	rootObject = A00000000000000000000001 /* Project object */;
}
